// !$*UTF8*$!
{
	archiveVersion = 1;
	classes = {
	};
	objectVersion = 77;
	objects = {

/* Begin PBXContainerItemProxy section */
		0B0F89302F2E959900E0E23D /* PBXContainerItemProxy */ = {
			isa = PBXContainerItemProxy;
			containerPortal = 0B0F89192F2E956600E0E23D /* Project object */;
			proxyType = 1;
			remoteGlobalIDString = 0B0F89202F2E956700E0E23D;
			remoteInfo = "A-Team";
		};
		0B0F893A2F2E959900E0E23D /* PBXContainerItemProxy */ = {
			isa = PBXContainerItemProxy;
			containerPortal = 0B0F89192F2E956600E0E23D /* Project object */;
			proxyType = 1;
			remoteGlobalIDString = 0B0F89202F2E956700E0E23D;
			remoteInfo = "A-Team";
		};
/* End PBXContainerItemProxy section */

/* Begin PBXFileReference section */
		0B0F89212F2E956700E0E23D /* A-Team.app */ = {isa = PBXFileReference; explicitFileType = wrapper.application; includeInIndex = 0; path = "A-Team.app"; sourceTree = BUILT_PRODUCTS_DIR; };
		0B0F892F2F2E959900E0E23D /* A-TeamTests.xctest */ = {isa = PBXFileReference; explicitFileType = wrapper.cfbundle; includeInIndex = 0; path = "A-TeamTests.xctest"; sourceTree = BUILT_PRODUCTS_DIR; };
		0B0F89392F2E959900E0E23D /* A-TeamUITests.xctest */ = {isa = PBXFileReference; explicitFileType = wrapper.cfbundle; includeInIndex = 0; path = "A-TeamUITests.xctest"; sourceTree = BUILT_PRODUCTS_DIR; };
/* End PBXFileReference section */

/* Begin PBXFileSystemSynchronizedRootGroup section */
		0B0F89232F2E956700E0E23D /* A-Team */ = {
			isa = PBXFileSystemSynchronizedRootGroup;
			path = "A-Team";
			sourceTree = "<group>";
		};
		0B0F89322F2E959900E0E23D /* A-TeamTests */ = {
			isa = PBXFileSystemSynchronizedRootGroup;
			path = "A-TeamTests";
			sourceTree = "<group>";
		};
		0B0F893C2F2E959900E0E23D /* A-TeamUITests */ = {
			isa = PBXFileSystemSynchronizedRootGroup;
			path = "A-TeamUITests";
			sourceTree = "<group>";
		};
/* End PBXFileSystemSynchronizedRootGroup section */

/* Begin PBXFrameworksBuildPhase section */
		0B0F891E2F2E956700E0E23D /* Frameworks */ = {
			isa = PBXFrameworksBuildPhase;
			buildActionMask = 2147483647;
			files = (
			);
			runOnlyForDeploymentPostprocessing = 0;
		};
		0B0F892C2F2E959900E0E23D /* Frameworks */ = {
			isa = PBXFrameworksBuildPhase;
			buildActionMask = 2147483647;
			files = (
			);
			runOnlyForDeploymentPostprocessing = 0;
		};
		0B0F89362F2E959900E0E23D /* Frameworks */ = {
			isa = PBXFrameworksBuildPhase;
			buildActionMask = 2147483647;
			files = (
			);
			runOnlyForDeploymentPostprocessing = 0;
		};
/* End PBXFrameworksBuildPhase section */

/* Begin PBXGroup section */
		0B0F89182F2E956600E0E23D = {
			isa = PBXGroup;
			children = (
				0B0F89232F2E956700E0E23D /* A-Team */,
				0B0F89322F2E959900E0E23D /* A-TeamTests */,
				0B0F893C2F2E959900E0E23D /* A-TeamUITests */,
				0B0F89222F2E956700E0E23D /* Products */,
			);
			sourceTree = "<group>";
		};
		0B0F89222F2E956700E0E23D /* Products */ = {
			isa = PBXGroup;
			children = (
				0B0F89212F2E956700E0E23D /* A-Team.app */,
				0B0F892F2F2E959900E0E23D /* A-TeamTests.xctest */,
				0B0F89392F2E959900E0E23D /* A-TeamUITests.xctest */,
			);
			name = Products;
			sourceTree = "<group>";
		};
/* End PBXGroup section */

/* Begin PBXNativeTarget section */
		0B0F89202F2E956700E0E23D /* A-Team */ = {
			isa = PBXNativeTarget;
			buildConfigurationList = 0B0F89432F2E959900E0E23D /* Build configuration list for PBXNativeTarget "A-Team" */;
			buildPhases = (
				0B0F891D2F2E956700E0E23D /* Sources */,
				0B0F891E2F2E956700E0E23D /* Frameworks */,
				0B0F891F2F2E956700E0E23D /* Resources */,
			);
			buildRules = (
			);
			dependencies = (
			);
			fileSystemSynchronizedGroups = (
				0B0F89232F2E956700E0E23D /* A-Team */,
			);
			name = "A-Team";
			packageProductDependencies = (
			);
			productName = "A-Team";
			productReference = 0B0F89212F2E956700E0E23D /* A-Team.app */;
			productType = "com.apple.product-type.application";
		};
		0B0F892E2F2E959900E0E23D /* A-TeamTests */ = {
			isa = PBXNativeTarget;
			buildConfigurationList = 0B0F89462F2E959900E0E23D /* Build configuration list for PBXNativeTarget "A-TeamTests" */;
			buildPhases = (
				0B0F892B2F2E959900E0E23D /* Sources */,
				0B0F892C2F2E959900E0E23D /* Frameworks */,
				0B0F892D2F2E959900E0E23D /* Resources */,
			);
			buildRules = (
			);
			dependencies = (
				0B0F89312F2E959900E0E23D /* PBXTargetDependency */,
			);
			fileSystemSynchronizedGroups = (
				0B0F89322F2E959900E0E23D /* A-TeamTests */,
			);
			name = "A-TeamTests";
			packageProductDependencies = (
			);
			productName = "A-TeamTests";
			productReference = 0B0F892F2F2E959900E0E23D /* A-TeamTests.xctest */;
			productType = "com.apple.product-type.bundle.unit-test";
		};
		0B0F89382F2E959900E0E23D /* A-TeamUITests */ = {
			isa = PBXNativeTarget;
			buildConfigurationList = 0B0F89492F2E959900E0E23D /* Build configuration list for PBXNativeTarget "A-TeamUITests" */;
			buildPhases = (
				0B0F89352F2E959900E0E23D /* Sources */,
				0B0F89362F2E959900E0E23D /* Frameworks */,
				0B0F89372F2E959900E0E23D /* Resources */,
			);
			buildRules = (
			);
			dependencies = (
				0B0F893B2F2E959900E0E23D /* PBXTargetDependency */,
			);
			fileSystemSynchronizedGroups = (
				0B0F893C2F2E959900E0E23D /* A-TeamUITests */,
			);
			name = "A-TeamUITests";
			packageProductDependencies = (
			);
			productName = "A-TeamUITests";
			productReference = 0B0F89392F2E959900E0E23D /* A-TeamUITests.xctest */;
			productType = "com.apple.product-type.bundle.ui-testing";
		};
/* End PBXNativeTarget section */

/* Begin PBXProject section */
		0B0F89192F2E956600E0E23D /* Project object */ = {
			isa = PBXProject;
			attributes = {
				BuildIndependentTargetsInParallel = 1;
				LastSwiftUpdateCheck = 1640;
				LastUpgradeCheck = 1640;
				TargetAttributes = {
					0B0F89202F2E956700E0E23D = {
						CreatedOnToolsVersion = 16.4;
					};
					0B0F892E2F2E959900E0E23D = {
						CreatedOnToolsVersion = 16.4;
						TestTargetID = 0B0F89202F2E956700E0E23D;
					};
					0B0F89382F2E959900E0E23D = {
						CreatedOnToolsVersion = 16.4;
						TestTargetID = 0B0F89202F2E956700E0E23D;
					};
				};
			};
			buildConfigurationList = 0B0F891C2F2E956600E0E23D /* Build configuration list for PBXProject "A-Team" */;
			developmentRegion = en;
			hasScannedForEncodings = 0;
			knownRegions = (
				en,
				Base,
			);
			mainGroup = 0B0F89182F2E956600E0E23D;
			minimizedProjectReferenceProxies = 1;
			preferredProjectObjectVersion = 77;
			productRefGroup = 0B0F89222F2E956700E0E23D /* Products */;
			projectDirPath = "";
			projectRoot = "";
			targets = (
				0B0F89202F2E956700E0E23D /* A-Team */,
				0B0F892E2F2E959900E0E23D /* A-TeamTests */,
				0B0F89382F2E959900E0E23D /* A-TeamUITests */,
			);
		};
/* End PBXProject section */

/* Begin PBXResourcesBuildPhase section */
		0B0F891F2F2E956700E0E23D /* Resources */ = {
			isa = PBXResourcesBuildPhase;
			buildActionMask = 2147483647;
			files = (
			);
			runOnlyForDeploymentPostprocessing = 0;
		};
		0B0F892D2F2E959900E0E23D /* Resources */ = {
			isa = PBXResourcesBuildPhase;
			buildActionMask = 2147483647;
			files = (
			);
			runOnlyForDeploymentPostprocessing = 0;
		};
		0B0F89372F2E959900E0E23D /* Resources */ = {
			isa = PBXResourcesBuildPhase;
			buildActionMask = 2147483647;
			files = (
			);
			runOnlyForDeploymentPostprocessing = 0;
		};
/* End PBXResourcesBuildPhase section */

/* Begin PBXSourcesBuildPhase section */
		0B0F891D2F2E956700E0E23D /* Sources */ = {
			isa = PBXSourcesBuildPhase;
			buildActionMask = 2147483647;
			files = (
			);
			runOnlyForDeploymentPostprocessing = 0;
		};
		0B0F892B2F2E959900E0E23D /* Sources */ = {
			isa = PBXSourcesBuildPhase;
			buildActionMask = 2147483647;
			files = (
			);
			runOnlyForDeploymentPostprocessing = 0;
		};
		0B0F89352F2E959900E0E23D /* Sources */ = {
			isa = PBXSourcesBuildPhase;
			buildActionMask = 2147483647;
			files = (
			);
			runOnlyForDeploymentPostprocessing = 0;
		};
/* End PBXSourcesBuildPhase section */

/* Begin PBXTargetDependency section */
		0B0F89312F2E959900E0E23D /* PBXTargetDependency */ = {
			isa = PBXTargetDependency;
			target = 0B0F89202F2E956700E0E23D /* A-Team */;
			targetProxy = 0B0F89302F2E959900E0E23D /* PBXContainerItemProxy */;
		};
		0B0F893B2F2E959900E0E23D /* PBXTargetDependency */ = {
			isa = PBXTargetDependency;
			target = 0B0F89202F2E956700E0E23D /* A-Team */;
			targetProxy = 0B0F893A2F2E959900E0E23D /* PBXContainerItemProxy */;
		};
/* End PBXTargetDependency section */

/* Begin XCBuildConfiguration section */
		0B0F89412F2E959900E0E23D /* Debug */ = {
			isa = XCBuildConfiguration;
			buildSettings = {
				ALWAYS_SEARCH_USER_PATHS = NO;
				ASSETCATALOG_COMPILER_GENERATE_SWIFT_ASSET_SYMBOL_EXTENSIONS = YES;
				CLANG_ANALYZER_NONNULL = YES;
				CLANG_ANALYZER_NUMBER_OBJECT_CONVERSION = YES_AGGRESSIVE;
				CLANG_CXX_LANGUAGE_STANDARD = "gnu++20";
				CLANG_ENABLE_MODULES = YES;
				CLANG_ENABLE_OBJC_ARC = YES;
				CLANG_ENABLE_OBJC_WEAK = YES;
				CLANG_WARN_BLOCK_CAPTURE_AUTORELEASING = YES;
				CLANG_WARN_BOOL_CONVERSION = YES;
				CLANG_WARN_COMMA = YES;
				CLANG_WARN_CONSTANT_CONVERSION = YES;
				CLANG_WARN_DEPRECATED_OBJC_IMPLEMENTATIONS = YES;
				CLANG_WARN_DIRECT_OBJC_ISA_USAGE = YES_ERROR;
				CLANG_WARN_DOCUMENTATION_COMMENTS = YES;
				CLANG_WARN_EMPTY_BODY = YES;
				CLANG_WARN_ENUM_CONVERSION = YES;
				CLANG_WARN_INFINITE_RECURSION = YES;
				CLANG_WARN_INT_CONVERSION = YES;
				CLANG_WARN_NON_LITERAL_NULL_CONVERSION = YES;
				CLANG_WARN_OBJC_IMPLICIT_RETAIN_SELF = YES;
				CLANG_WARN_OBJC_LITERAL_CONVERSION = YES;
				CLANG_WARN_OBJC_ROOT_CLASS = YES_ERROR;
				CLANG_WARN_QUOTED_INCLUDE_IN_FRAMEWORK_HEADER = YES;
				CLANG_WARN_RANGE_LOOP_ANALYSIS = YES;
				CLANG_WARN_STRICT_PROTOTYPES = YES;
				CLANG_WARN_SUSPICIOUS_MOVE = YES;
				CLANG_WARN_UNGUARDED_AVAILABILITY = YES_AGGRESSIVE;
				CLANG_WARN_UNREACHABLE_CODE = YES;
				CLANG_WARN__DUPLICATE_METHOD_MATCH = YES;
				COPY_PHASE_STRIP = NO;
				DEBUG_INFORMATION_FORMAT = dwarf;
				ENABLE_STRICT_OBJC_MSGSEND = YES;
				ENABLE_TESTABILITY = YES;
				ENABLE_USER_SCRIPT_SANDBOXING = YES;
				GCC_C_LANGUAGE_STANDARD = gnu17;
				GCC_DYNAMIC_NO_PIC = NO;
				GCC_NO_COMMON_BLOCKS = YES;
				GCC_OPTIMIZATION_LEVEL = 0;
				GCC_PREPROCESSOR_DEFINITIONS = (
					"DEBUG=1",
					"$(inherited)",
				);
				GCC_WARN_64_TO_32_BIT_CONVERSION = YES;
				GCC_WARN_ABOUT_RETURN_TYPE = YES_ERROR;
				GCC_WARN_UNDECLARED_SELECTOR = YES;
				GCC_WARN_UNINITIALIZED_AUTOS = YES_AGGRESSIVE;
				GCC_WARN_UNUSED_FUNCTION = YES;
				GCC_WARN_UNUSED_VARIABLE = YES;
				LOCALIZATION_PREFERS_STRING_CATALOGS = YES;
				MACOSX_DEPLOYMENT_TARGET = 15.5;
				MTL_ENABLE_DEBUG_INFO = INCLUDE_SOURCE;
				MTL_FAST_MATH = YES;
				ONLY_ACTIVE_ARCH = YES;
				SDKROOT = macosx;
				SWIFT_ACTIVE_COMPILATION_CONDITIONS = "DEBUG $(inherited)";
				SWIFT_OPTIMIZATION_LEVEL = "-Onone";
			};
			name = Debug;
		};
		0B0F89422F2E959900E0E23D /* Release */ = {
			isa = XCBuildConfiguration;
			buildSettings = {
				ALWAYS_SEARCH_USER_PATHS = NO;
				ASSETCATALOG_COMPILER_GENERATE_SWIFT_ASSET_SYMBOL_EXTENSIONS = YES;
				CLANG_ANALYZER_NONNULL = YES;
				CLANG_ANALYZER_NUMBER_OBJECT_CONVERSION = YES_AGGRESSIVE;
				CLANG_CXX_LANGUAGE_STANDARD = "gnu++20";
				CLANG_ENABLE_MODULES = YES;
				CLANG_ENABLE_OBJC_ARC = YES;
				CLANG_ENABLE_OBJC_WEAK = YES;
				CLANG_WARN_BLOCK_CAPTURE_AUTORELEASING = YES;
				CLANG_WARN_BOOL_CONVERSION = YES;
				CLANG_WARN_COMMA = YES;
				CLANG_WARN_CONSTANT_CONVERSION = YES;
				CLANG_WARN_DEPRECATED_OBJC_IMPLEMENTATIONS = YES;
				CLANG_WARN_DIRECT_OBJC_ISA_USAGE = YES_ERROR;
				CLANG_WARN_DOCUMENTATION_COMMENTS = YES;
				CLANG_WARN_EMPTY_BODY = YES;
				CLANG_WARN_ENUM_CONVERSION = YES;
				CLANG_WARN_INFINITE_RECURSION = YES;
				CLANG_WARN_INT_CONVERSION = YES;
				CLANG_WARN_NON_LITERAL_NULL_CONVERSION = YES;
				CLANG_WARN_OBJC_IMPLICIT_RETAIN_SELF = YES;
				CLANG_WARN_OBJC_LITERAL_CONVERSION = YES;
				CLANG_WARN_OBJC_ROOT_CLASS = YES_ERROR;
				CLANG_WARN_QUOTED_INCLUDE_IN_FRAMEWORK_HEADER = YES;
				CLANG_WARN_RANGE_LOOP_ANALYSIS = YES;
				CLANG_WARN_STRICT_PROTOTYPES = YES;
				CLANG_WARN_SUSPICIOUS_MOVE = YES;
				CLANG_WARN_UNGUARDED_AVAILABILITY = YES_AGGRESSIVE;
				CLANG_WARN_UNREACHABLE_CODE = YES;
				CLANG_WARN__DUPLICATE_METHOD_MATCH = YES;
				COPY_PHASE_STRIP = NO;
				DEBUG_INFORMATION_FORMAT = "dwarf-with-dsym";
				ENABLE_NS_ASSERTIONS = NO;
				ENABLE_STRICT_OBJC_MSGSEND = YES;
				ENABLE_USER_SCRIPT_SANDBOXING = YES;
				GCC_C_LANGUAGE_STANDARD = gnu17;
				GCC_NO_COMMON_BLOCKS = YES;
				GCC_WARN_64_TO_32_BIT_CONVERSION = YES;
				GCC_WARN_ABOUT_RETURN_TYPE = YES_ERROR;
				GCC_WARN_UNDECLARED_SELECTOR = YES;
				GCC_WARN_UNINITIALIZED_AUTOS = YES_AGGRESSIVE;
				GCC_WARN_UNUSED_FUNCTION = YES;
				GCC_WARN_UNUSED_VARIABLE = YES;
				LOCALIZATION_PREFERS_STRING_CATALOGS = YES;
				MACOSX_DEPLOYMENT_TARGET = 15.5;
				MTL_ENABLE_DEBUG_INFO = NO;
				MTL_FAST_MATH = YES;
				SDKROOT = macosx;
				SWIFT_COMPILATION_MODE = wholemodule;
			};
			name = Release;
		};
		0B0F89442F2E959900E0E23D /* Debug */ = {
			isa = XCBuildConfiguration;
			buildSettings = {
				ASSETCATALOG_COMPILER_APPICON_NAME = AppIcon;
				ASSETCATALOG_COMPILER_GLOBAL_ACCENT_COLOR_NAME = AccentColor;
				CODE_SIGN_ENTITLEMENTS = "A-Team/A_Team.entitlements";
				CODE_SIGN_STYLE = Automatic;
				COMBINE_HIDPI_IMAGES = YES;
				CURRENT_PROJECT_VERSION = 1;
				ENABLE_PREVIEWS = YES;
				GENERATE_INFOPLIST_FILE = YES;
				INFOPLIST_KEY_NSHumanReadableCopyright = "";
				LD_RUNPATH_SEARCH_PATHS = (
					"$(inherited)",
					"@executable_path/../Frameworks",
				);
				MARKETING_VERSION = 1.0;
				PRODUCT_BUNDLE_IDENTIFIER = "com.Namanh.A-Team";
				PRODUCT_NAME = "$(TARGET_NAME)";
				REGISTER_APP_GROUPS = YES;
				SWIFT_EMIT_LOC_STRINGS = YES;
				SWIFT_VERSION = 5.0;
			};
			name = Debug;
		};
		0B0F89452F2E959900E0E23D /* Release */ = {
			isa = XCBuildConfiguration;
			buildSettings = {
				ASSETCATALOG_COMPILER_APPICON_NAME = AppIcon;
				ASSETCATALOG_COMPILER_GLOBAL_ACCENT_COLOR_NAME = AccentColor;
				CODE_SIGN_ENTITLEMENTS = "A-Team/A_Team.entitlements";
				CODE_SIGN_STYLE = Automatic;
				COMBINE_HIDPI_IMAGES = YES;
				CURRENT_PROJECT_VERSION = 1;
				ENABLE_PREVIEWS = YES;
				GENERATE_INFOPLIST_FILE = YES;
				INFOPLIST_KEY_NSHumanReadableCopyright = "";
				LD_RUNPATH_SEARCH_PATHS = (
					"$(inherited)",
					"@executable_path/../Frameworks",
				);
				MARKETING_VERSION = 1.0;
				PRODUCT_BUNDLE_IDENTIFIER = "com.Namanh.A-Team";
				PRODUCT_NAME = "$(TARGET_NAME)";
				REGISTER_APP_GROUPS = YES;
				SWIFT_EMIT_LOC_STRINGS = YES;
				SWIFT_VERSION = 5.0;
			};
			name = Release;
		};
		0B0F89472F2E959900E0E23D /* Debug */ = {
			isa = XCBuildConfiguration;
			buildSettings = {
				BUNDLE_LOADER = "$(TEST_HOST)";
				CODE_SIGN_STYLE = Automatic;
				CURRENT_PROJECT_VERSION = 1;
				GENERATE_INFOPLIST_FILE = YES;
				MACOSX_DEPLOYMENT_TARGET = 15.5;
				MARKETING_VERSION = 1.0;
				PRODUCT_BUNDLE_IDENTIFIER = "com.Namanh.A-TeamTests";
				PRODUCT_NAME = "$(TARGET_NAME)";
				SWIFT_EMIT_LOC_STRINGS = NO;
				SWIFT_VERSION = 5.0;
				TEST_HOST = "$(BUILT_PRODUCTS_DIR)/A-Team.app/$(BUNDLE_EXECUTABLE_FOLDER_PATH)/A-Team";
			};
			name = Debug;
		};
		0B0F89482F2E959900E0E23D /* Release */ = {
			isa = XCBuildConfiguration;
			buildSettings = {
				BUNDLE_LOADER = "$(TEST_HOST)";
				CODE_SIGN_STYLE = Automatic;
				CURRENT_PROJECT_VERSION = 1;
				GENERATE_INFOPLIST_FILE = YES;
				MACOSX_DEPLOYMENT_TARGET = 15.5;
				MARKETING_VERSION = 1.0;
				PRODUCT_BUNDLE_IDENTIFIER = "com.Namanh.A-TeamTests";
				PRODUCT_NAME = "$(TARGET_NAME)";
				SWIFT_EMIT_LOC_STRINGS = NO;
				SWIFT_VERSION = 5.0;
				TEST_HOST = "$(BUILT_PRODUCTS_DIR)/A-Team.app/$(BUNDLE_EXECUTABLE_FOLDER_PATH)/A-Team";
			};
			name = Release;
		};
		0B0F894A2F2E959900E0E23D /* Debug */ = {
			isa = XCBuildConfiguration;
			buildSettings = {
				CODE_SIGN_STYLE = Automatic;
				CURRENT_PROJECT_VERSION = 1;
				GENERATE_INFOPLIST_FILE = YES;
				MARKETING_VERSION = 1.0;
				PRODUCT_BUNDLE_IDENTIFIER = "com.Namanh.A-TeamUITests";
				PRODUCT_NAME = "$(TARGET_NAME)";
				SWIFT_EMIT_LOC_STRINGS = NO;
				SWIFT_VERSION = 5.0;
				TEST_TARGET_NAME = "A-Team";
			};
			name = Debug;
		};
		0B0F894B2F2E959900E0E23D /* Release */ = {
			isa = XCBuildConfiguration;
			buildSettings = {
				CODE_SIGN_STYLE = Automatic;
				CURRENT_PROJECT_VERSION = 1;
				GENERATE_INFOPLIST_FILE = YES;
				MARKETING_VERSION = 1.0;
				PRODUCT_BUNDLE_IDENTIFIER = "com.Namanh.A-TeamUITests";
				PRODUCT_NAME = "$(TARGET_NAME)";
				SWIFT_EMIT_LOC_STRINGS = NO;
				SWIFT_VERSION = 5.0;
				TEST_TARGET_NAME = "A-Team";
			};
			name = Release;
		};
/* End XCBuildConfiguration section */

/* Begin XCConfigurationList section */
		0B0F891C2F2E956600E0E23D /* Build configuration list for PBXProject "A-Team" */ = {
			isa = XCConfigurationList;
			buildConfigurations = (
				0B0F89412F2E959900E0E23D /* Debug */,
				0B0F89422F2E959900E0E23D /* Release */,
			);
			defaultConfigurationIsVisible = 0;
			defaultConfigurationName = Release;
		};
		0B0F89432F2E959900E0E23D /* Build configuration list for PBXNativeTarget "A-Team" */ = {
			isa = XCConfigurationList;
			buildConfigurations = (
				0B0F89442F2E959900E0E23D /* Debug */,
				0B0F89452F2E959900E0E23D /* Release */,
			);
			defaultConfigurationIsVisible = 0;
			defaultConfigurationName = Release;
		};
		0B0F89462F2E959900E0E23D /* Build configuration list for PBXNativeTarget "A-TeamTests" */ = {
			isa = XCConfigurationList;
			buildConfigurations = (
				0B0F89472F2E959900E0E23D /* Debug */,
				0B0F89482F2E959900E0E23D /* Release */,
			);
			defaultConfigurationIsVisible = 0;
			defaultConfigurationName = Release;
		};
		0B0F89492F2E959900E0E23D /* Build configuration list for PBXNativeTarget "A-TeamUITests" */ = {
			isa = XCConfigurationList;
			buildConfigurations = (
				0B0F894A2F2E959900E0E23D /* Debug */,
				0B0F894B2F2E959900E0E23D /* Release */,
			);
			defaultConfigurationIsVisible = 0;
			defaultConfigurationName = Release;
		};
/* End XCConfigurationList section */
	};
	rootObject = 0B0F89192F2E956600E0E23D /* Project object */;
}
